
Microsoft Visual Studio Solution File, Format Version 12.00
# Visual Studio Version 17
VisualStudioVersion = 17.5.33627.172
MinimumVisualStudioVersion = 10.0.40219.1
Project("{9A19103F-16F7-4668-BE54-9A1E7A4F7556}") = "Server", "Server\Server.csproj", "{D7AD97CC-29B5-486B-9704-4201E2A5D362}"
EndProject
Project("{9A19103F-16F7-4668-BE54-9A1E7A4F7556}") = "Client", "Client\Client.csproj", "{84CF2758-E2E2-4807-9FB8-2068C4359E3D}"
EndProject
Global
	GlobalSection(SolutionConfigurationPlatforms) = preSolution
		Debug|Any CPU = Debug|Any CPU
		Release|Any CPU = Release|Any CPU
	EndGlobalSection
	GlobalSection(ProjectConfigurationPlatforms) = postSolution
		{D7AD97CC-29B5-486B-9704-4201E2A5D362}.Debug|Any CPU.ActiveCfg = Debug|Any CPU
		{D7AD97CC-29B5-486B-9704-4201E2A5D362}.Debug|Any CPU.Build.0 = Debug|Any CPU
		{D7AD97CC-29B5-486B-9704-4201E2A5D362}.Release|Any CPU.ActiveCfg = Release|Any CPU
		{D7AD97CC-29B5-486B-9704-4201E2A5D362}.Release|Any CPU.Build.0 = Release|Any CPU
		{84CF2758-E2E2-4807-9FB8-2068C4359E3D}.Debug|Any CPU.ActiveCfg = Debug|Any CPU
		{84CF2758-E2E2-4807-9FB8-2068C4359E3D}.Debug|Any CPU.Build.0 = Debug|Any CPU
		{84CF2758-E2E2-4807-9FB8-2068C4359E3D}.Release|Any CPU.ActiveCfg = Release|Any CPU
		{84CF2758-E2E2-4807-9FB8-2068C4359E3D}.Release|Any CPU.Build.0 = Release|Any CPU
	EndGlobalSection
	GlobalSection(SolutionProperties) = preSolution
		HideSolutionNode = FALSE
	EndGlobalSection
	GlobalSection(ExtensibilityGlobals) = postSolution
		SolutionGuid = {D9D7F2AB-C488-40FD-8CF7-42FF59457564}
	EndGlobalSection
EndGlobal
